{
  "version": 4,
  "terraform_version": "1.15.3",
  "serial": 78,
  "lineage": "7b69bcd5-f79a-efdd-ffd1-4a8ad38a94c6",
  "outputs": {
    "instance_id": {
      "value": "i-0602a618ef691937f",
      "type": "string"
    },
    "instance_state": {
      "value": "running",
      "type": "string"
    },
    "private_ip": {
      "value": "172.31.32.213",
      "type": "string"
    },
    "public_ip": {
      "value": "3.108.62.121",
      "type": "string"
    },
    "ssh_command": {
      "value": "ssh -i terra-automate-key ubuntu@3.108.62.121",
      "type": "string"
    }
  },
  "resources": [
    {
      "mode": "managed",
      "type": "aws_default_vpc",
      "name": "default",
      "provider": "provider[\"registry.terraform.io/hashicorp/aws\"]",
      "instances": [
        {
          "schema_version": 1,
          "attributes": {
            "arn": "arn:aws:ec2:ap-south-1:135717303123:vpc/vpc-091e85ef95d5d509f",
            "assign_generated_ipv6_cidr_block": false,
            "cidr_block": "172.31.0.0/16",
            "default_network_acl_id": "acl-00ca038361396afc5",
            "default_route_table_id": "rtb-0628da5583b8e9d62",
            "default_security_group_id": "sg-069735e74e0dd8017",
            "dhcp_options_id": "dopt-03209a72a7cece011",
            "enable_dns_hostnames": true,
            "enable_dns_support": true,
            "enable_network_address_usage_metrics": false,
            "existing_default_vpc": true,
            "force_destroy": false,
            "id": "vpc-091e85ef95d5d509f",
            "instance_tenancy": "default",
            "ipv6_association_id": "",
            "ipv6_cidr_block": "",
            "ipv6_cidr_block_network_border_group": "",
            "ipv6_ipam_pool_id": "",
            "ipv6_netmask_length": 0,
            "main_route_table_id": "rtb-0628da5583b8e9d62",
            "owner_id": "135717303123",
            "region": "ap-south-1",
            "tags": null,
            "tags_all": {}
          },
          "sensitive_attributes": [],
          "identity_schema_version": 0,
          "private": "eyJzY2hlbWFfdmVyc2lvbiI6IjEifQ=="
        }
      ]
    },
    {
      "mode": "managed",
      "type": "aws_ec2_instance_state",
      "name": "my_instance_state",
      "provider": "provider[\"registry.terraform.io/hashicorp/aws\"]",
      "instances": [
        {
          "index_key": 0,
          "schema_version": 0,
          "attributes": {
            "force": false,
            "id": "i-0602a618ef691937f",
            "instance_id": "i-0602a618ef691937f",
            "region": "ap-south-1",
            "state": "running",
            "timeouts": null
          },
          "sensitive_attributes": [],
          "identity_schema_version": 0,
          "private": "eyJlMmJmYjczMC1lY2FhLTExZTYtOGY4OC0zNDM2M2JjN2M0YzAiOnsiY3JlYXRlIjo2MDAwMDAwMDAwMDAsImRlbGV0ZSI6NjAwMDAwMDAwMDAsInVwZGF0ZSI6NjAwMDAwMDAwMDAwfX0=",
          "dependencies": [
            "aws_default_vpc.default",
            "aws_instance.my_instance",
            "aws_key_pair.my_key_pair",
            "aws_security_group.my_security_group"
          ]
        }
      ]
    },
    {
      "mode": "managed",
      "type": "aws_instance",
      "name": "my_instance",
      "provider": "provider[\"registry.terraform.io/hashicorp/aws\"]",
      "instances": [
        {
          "index_key": 0,
          "schema_version": 2,
          "attributes": {
            "ami": "ami-07a00cf47dbbc844c",
            "arn": "arn:aws:ec2:ap-south-1:135717303123:instance/i-0602a618ef691937f",
            "associate_public_ip_address": true,
            "availability_zone": "ap-south-1a",
            "capacity_reservation_specification": [
              {
                "capacity_reservation_preference": "open",
                "capacity_reservation_target": []
              }
            ],
            "cpu_options": [
              {
                "amd_sev_snp": "",
                "core_count": 1,
                "nested_virtualization": "",
                "threads_per_core": 2
              }
            ],
            "credit_specification": [
              {
                "cpu_credits": "unlimited"
              }
            ],
            "disable_api_stop": false,
            "disable_api_termination": false,
            "ebs_block_device": [],
            "ebs_optimized": false,
            "enable_primary_ipv6": null,
            "enclave_options": [
              {
                "enabled": false
              }
            ],
            "ephemeral_block_device": [],
            "force_destroy": false,
            "get_password_data": false,
            "hibernation": false,
            "host_id": "",
            "host_resource_group_arn": null,
            "iam_instance_profile": "",
            "id": "i-0602a618ef691937f",
            "instance_initiated_shutdown_behavior": "stop",
            "instance_lifecycle": "",
            "instance_market_options": [],
            "instance_state": "running",
            "instance_type": "t3.micro",
            "ipv6_address_count": 0,
            "ipv6_addresses": [],
            "key_name": "terra-automate-key-josh-new",
            "launch_template": [],
            "maintenance_options": [
              {
                "auto_recovery": "default"
              }
            ],
            "metadata_options": [
              {
                "http_endpoint": "enabled",
                "http_protocol_ipv6": "disabled",
                "http_put_response_hop_limit": 2,
                "http_tokens": "required",
                "instance_metadata_tags": "disabled"
              }
            ],
            "monitoring": false,
            "network_interface": [],
            "outpost_arn": "",
            "password_data": "",
            "placement_group": "",
            "placement_group_id": "",
            "placement_partition_number": 0,
            "primary_network_interface": [
              {
                "delete_on_termination": true,
                "network_interface_id": "eni-0efc108ba1ffe36c3"
              }
            ],
            "primary_network_interface_id": "eni-0efc108ba1ffe36c3",
            "private_dns": "ip-172-31-32-213.ap-south-1.compute.internal",
            "private_dns_name_options": [
              {
                "enable_resource_name_dns_a_record": false,
                "enable_resource_name_dns_aaaa_record": false,
                "hostname_type": "ip-name"
              }
            ],
            "private_ip": "172.31.32.213",
            "public_dns": "ec2-3-108-62-121.ap-south-1.compute.amazonaws.com",
            "public_ip": "3.108.62.121",
            "region": "ap-south-1",
            "root_block_device": [
              {
                "delete_on_termination": true,
                "device_name": "/dev/sda1",
                "encrypted": false,
                "iops": 3000,
                "kms_key_id": "",
                "tags": null,
                "tags_all": {},
                "throughput": 125,
                "volume_id": "vol-01d1af40844d3532c",
                "volume_size": 10,
                "volume_type": "gp3"
              }
            ],
            "secondary_network_interface": [],
            "secondary_private_ips": [],
            "security_groups": [
              "terra-security-group-new"
            ],
            "source_dest_check": true,
            "spot_instance_request_id": "",
            "subnet_id": "subnet-0f0612db15f6fc5fa",
            "tags": {
              "Name": "terra-automate-server-0"
            },
            "tags_all": {
              "Name": "terra-automate-server-0"
            },
            "tenancy": "default",
            "timeouts": null,
            "user_data": null,
            "user_data_base64": null,
            "user_data_replace_on_change": false,
            "volume_tags": null,
            "vpc_security_group_ids": [
              "sg-048307ec06801369e"
            ]
          },
          "sensitive_attributes": [],
          "identity_schema_version": 0,
          "identity": {
            "account_id": "135717303123",
            "id": "i-0602a618ef691937f",
            "region": "ap-south-1"
          },
          "private": "eyJlMmJmYjczMC1lY2FhLTExZTYtOGY4OC0zNDM2M2JjN2M0YzAiOnsiY3JlYXRlIjo2MDAwMDAwMDAwMDAsImRlbGV0ZSI6MTIwMDAwMDAwMDAwMCwicmVhZCI6OTAwMDAwMDAwMDAwLCJ1cGRhdGUiOjYwMDAwMDAwMDAwMH0sInNjaGVtYV92ZXJzaW9uIjoiMiJ9",
          "dependencies": [
            "aws_default_vpc.default",
            "aws_key_pair.my_key_pair",
            "aws_security_group.my_security_group"
          ]
        }
      ]
    },
    {
      "mode": "managed",
      "type": "aws_key_pair",
      "name": "my_key_pair",
      "provider": "provider[\"registry.terraform.io/hashicorp/aws\"]",
      "instances": [
        {
          "schema_version": 1,
          "attributes": {
            "arn": "arn:aws:ec2:ap-south-1:135717303123:key-pair/terra-automate-key-josh-new",
            "fingerprint": "80:69:b6:2c:0f:5f:1e:22:df:0d:fa:28:42:a9:7f:00",
            "id": "terra-automate-key-josh-new",
            "key_name": "terra-automate-key-josh-new",
            "key_name_prefix": "",
            "key_pair_id": "key-0006f44e4fa4308a8",
            "key_type": "rsa",
            "public_key": "ssh-rsa AAAAB3NzaC1yc2EAAAADAQABAAACAQCa89nQrVKC1KssK42WLCCpkTz8Qe63+5NnyA0SDY4W2kteTAYWH21yNxHF1w+joqzb0MfaisRbd8xn3hadvXlTCAOKN+zNiyzastr0WtryyUdmpU17yQ2UwiTiZmA5TnFP9qSy8Gz/BrHZQgwUeywUt4iWReSRAkF0Gh7v99lBjOzK2LKS052NuR4057OX6kLhR79s30FjlhDrqGMWedfs+gHzOfTBc/mxu4XYkS08gg6ftSVGuCcwhCekmD9+ohJYCtvpQ6IAELi88vwiyJh5rjOcyA7u4wv3MLvMOcLgl1GWcgyz2B9MdHgTMe81gJEE+2r0onX7NTGpbGxF4PlY/URg2bPyBdGlgIRyWDYnv++68UTdEhBqsGi/jt2AaNhl4cg9aEQqQLWfjXKGbyiZhsGbeBM8JZgpYPnCMylR1eU+Dhy22CBn0VcybsS90dmncB8JlaKDWRNhmHhGOOprixC7UPph6eveszsL1DNagXi9HL2cRNeO0v+Wl9CrGLilfyeX666F6MHm2EYuNlO3eBUzdGSmSuuwj4R+QYF9MdIPpSkkgZk4XYeTjr9dCdO/xpckV6eFwewlKCe3NhG92D4bgTjClJC6W3YFLzQOKBOu3d+g7fqecBCUemkHluGxQhIhj9ZVRWcmVtkwc2jFAimQkcCQAAzVgP2S3M7xyQ== gurudeen-kori@workstation",
            "region": "ap-south-1",
            "tags": null,
            "tags_all": {}
          },
          "sensitive_attributes": [],
          "identity_schema_version": 0,
          "private": "eyJzY2hlbWFfdmVyc2lvbiI6IjEifQ=="
        }
      ]
    },
    {
      "mode": "managed",
      "type": "aws_security_group",
      "name": "my_security_group",
      "provider": "provider[\"registry.terraform.io/hashicorp/aws\"]",
      "instances": [
        {
          "schema_version": 1,
          "attributes": {
            "arn": "arn:aws:ec2:ap-south-1:135717303123:security-group/sg-048307ec06801369e",
            "description": "Inbound and outbound rules for instance security group",
            "egress": [],
            "id": "sg-048307ec06801369e",
            "ingress": [],
            "name": "terra-security-group-new",
            "name_prefix": "",
            "owner_id": "135717303123",
            "region": "ap-south-1",
            "revoke_rules_on_delete": false,
            "tags": null,
            "tags_all": {},
            "timeouts": null,
            "vpc_id": "vpc-091e85ef95d5d509f"
          },
          "sensitive_attributes": [],
          "identity_schema_version": 0,
          "identity": {
            "account_id": "135717303123",
            "id": "sg-048307ec06801369e",
            "region": "ap-south-1"
          },
          "private": "eyJlMmJmYjczMC1lY2FhLTExZTYtOGY4OC0zNDM2M2JjN2M0YzAiOnsiY3JlYXRlIjo2MDAwMDAwMDAwMDAsImRlbGV0ZSI6OTAwMDAwMDAwMDAwfSwic2NoZW1hX3ZlcnNpb24iOiIxIn0=",
          "dependencies": [
            "aws_default_vpc.default"
          ]
        }
      ]
    },
    {
      "mode": "managed",
      "type": "aws_vpc_security_group_egress_rule",
      "name": "allow_all_traffic",
      "provider": "provider[\"registry.terraform.io/hashicorp/aws\"]",
      "instances": [
        {
          "schema_version": 0,
          "attributes": {
            "arn": "arn:aws:ec2:ap-south-1:135717303123:security-group-rule/sgr-0ab694831eaa3901a",
            "cidr_ipv4": "0.0.0.0/0",
            "cidr_ipv6": null,
            "description": null,
            "from_port": null,
            "id": "sgr-0ab694831eaa3901a",
            "ip_protocol": "-1",
            "prefix_list_id": null,
            "referenced_security_group_id": null,
            "region": "ap-south-1",
            "security_group_id": "sg-048307ec06801369e",
            "security_group_rule_id": "sgr-0ab694831eaa3901a",
            "tags": null,
            "tags_all": {},
            "to_port": null
          },
          "sensitive_attributes": [],
          "identity_schema_version": 0,
          "identity": {
            "account_id": "135717303123",
            "id": "sgr-0ab694831eaa3901a",
            "region": "ap-south-1"
          },
          "dependencies": [
            "aws_default_vpc.default",
            "aws_security_group.my_security_group"
          ]
        }
      ]
    },
    {
      "mode": "managed",
      "type": "aws_vpc_security_group_ingress_rule",
      "name": "allow_http",
      "provider": "provider[\"registry.terraform.io/hashicorp/aws\"]",
      "instances": [
        {
          "schema_version": 0,
          "attributes": {
            "arn": "arn:aws:ec2:ap-south-1:135717303123:security-group-rule/sgr-0cd612add83f025b4",
            "cidr_ipv4": "0.0.0.0/0",
            "cidr_ipv6": null,
            "description": null,
            "from_port": 80,
            "id": "sgr-0cd612add83f025b4",
            "ip_protocol": "tcp",
            "prefix_list_id": null,
            "referenced_security_group_id": null,
            "region": "ap-south-1",
            "security_group_id": "sg-048307ec06801369e",
            "security_group_rule_id": "sgr-0cd612add83f025b4",
            "tags": null,
            "tags_all": {},
            "to_port": 80
          },
          "sensitive_attributes": [],
          "identity_schema_version": 0,
          "identity": {
            "account_id": "135717303123",
            "id": "sgr-0cd612add83f025b4",
            "region": "ap-south-1"
          },
          "dependencies": [
            "aws_default_vpc.default",
            "aws_security_group.my_security_group"
          ]
        }
      ]
    },
    {
      "mode": "managed",
      "type": "aws_vpc_security_group_ingress_rule",
      "name": "allow_mysql",
      "provider": "provider[\"registry.terraform.io/hashicorp/aws\"]",
      "instances": [
        {
          "schema_version": 0,
          "attributes": {
            "arn": "arn:aws:ec2:ap-south-1:135717303123:security-group-rule/sgr-0f1b7af585443ed06",
            "cidr_ipv4": "0.0.0.0/0",
            "cidr_ipv6": null,
            "description": null,
            "from_port": 3306,
            "id": "sgr-0f1b7af585443ed06",
            "ip_protocol": "tcp",
            "prefix_list_id": null,
            "referenced_security_group_id": null,
            "region": "ap-south-1",
            "security_group_id": "sg-048307ec06801369e",
            "security_group_rule_id": "sgr-0f1b7af585443ed06",
            "tags": null,
            "tags_all": {},
            "to_port": 3306
          },
          "sensitive_attributes": [],
          "identity_schema_version": 0,
          "identity": {
            "account_id": "135717303123",
            "id": "sgr-0f1b7af585443ed06",
            "region": "ap-south-1"
          },
          "dependencies": [
            "aws_default_vpc.default",
            "aws_security_group.my_security_group"
          ]
        }
      ]
    },
    {
      "mode": "managed",
      "type": "aws_vpc_security_group_ingress_rule",
      "name": "allow_ssh",
      "provider": "provider[\"registry.terraform.io/hashicorp/aws\"]",
      "instances": [
        {
          "schema_version": 0,
          "attributes": {
            "arn": "arn:aws:ec2:ap-south-1:135717303123:security-group-rule/sgr-070cb285b181e13e7",
            "cidr_ipv4": "0.0.0.0/0",
            "cidr_ipv6": null,
            "description": null,
            "from_port": 22,
            "id": "sgr-070cb285b181e13e7",
            "ip_protocol": "tcp",
            "prefix_list_id": null,
            "referenced_security_group_id": null,
            "region": "ap-south-1",
            "security_group_id": "sg-048307ec06801369e",
            "security_group_rule_id": "sgr-070cb285b181e13e7",
            "tags": null,
            "tags_all": {},
            "to_port": 22
          },
          "sensitive_attributes": [],
          "identity_schema_version": 0,
          "identity": {
            "account_id": "135717303123",
            "id": "sgr-070cb285b181e13e7",
            "region": "ap-south-1"
          },
          "dependencies": [
            "aws_default_vpc.default",
            "aws_security_group.my_security_group"
          ]
        }
      ]
    }
  ],
  "check_results": null
}
